<?xml version="1.0" encoding="utf-8"?>
<Project ToolsVersion="17.0" xmlns="http://schemas.microsoft.com/developer/msbuild/2003">
  <ItemGroup>
    <CustomBuild Include="D:\.c_projects\adc\ctcp\build_lite\CMakeFiles\775a40bf98ada13faf2f8b7f1603e31e\NightlyMemoryCheck.rule">
      <Filter>CMake Rules</Filter>
    </CustomBuild>
    <CustomBuild Include="D:\.c_projects\adc\ctcp\CMakeLists.txt" />
  </ItemGroup>
  <ItemGroup>
    <None Include="D:\.c_projects\adc\ctcp\build_lite\CMakeFiles\NightlyMemoryCheck" />
  </ItemGroup>
  <ItemGroup>
    <Filter Include="CMake Rules">
      <UniqueIdentifier>{945B21C8-271F-3227-AB1C-F0EDCDC25636}</UniqueIdentifier>
    </Filter>
  </ItemGroup>
</Project>
